
Microsoft Visual Studio Solution File, Format Version 12.00
# Visual Studio 15
VisualStudioVersion = 15.0.27004.2006
MinimumVisualStudioVersion = 10.0.40219.1
Project("{FAE04EC0-301F-11D3-BF4B-00C04F79EFBC}") = "LightingLink", "LightingLink\LightingLink.csproj", "{8C5B23D9-28C9-4188-9412-E66CAFAA1303}"
EndProject
Global
	GlobalSection(SolutionConfigurationPlatforms) = preSolution
		Debug|Any CPU = Debug|Any CPU
		Release|Any CPU = Release|Any CPU
	EndGlobalSection
	GlobalSection(ProjectConfigurationPlatforms) = postSolution
		{8C5B23D9-28C9-4188-9412-E66CAFAA1303}.Debug|Any CPU.ActiveCfg = Debug|Any CPU
		{8C5B23D9-28C9-4188-9412-E66CAFAA1303}.Debug|Any CPU.Build.0 = Debug|Any CPU
		{8C5B23D9-28C9-4188-9412-E66CAFAA1303}.Release|Any CPU.ActiveCfg = Release|Any CPU
		{8C5B23D9-28C9-4188-9412-E66CAFAA1303}.Release|Any CPU.Build.0 = Release|Any CPU
	EndGlobalSection
	GlobalSection(SolutionProperties) = preSolution
		HideSolutionNode = FALSE
	EndGlobalSection
	GlobalSection(ExtensibilityGlobals) = postSolution
		SolutionGuid = {684EA34C-E3A2-4443-854A-3FE3622EEB94}
	EndGlobalSection
EndGlobal
